// !$*UTF8*$!
{
	archiveVersion = 1;
	classes = {
	};
	objectVersion = 56;
	objects = {

/* Begin PBXBuildFile section */
		7C0ACC402C0DD84900A85C6B /* FlagApp.swift in Sources */ = {isa = PBXBuildFile; fileRef = 7C0ACC3F2C0DD84900A85C6B /* FlagApp.swift */; };
		7C0ACC422C0DD84900A85C6B /* ContentView.swift in Sources */ = {isa = PBXBuildFile; fileRef = 7C0ACC412C0DD84900A85C6B /* ContentView.swift */; };
		7C0ACC442C0DD84A00A85C6B /* Assets.xcassets in Resources */ = {isa = PBXBuildFile; fileRef = 7C0ACC432C0DD84A00A85C6B /* Assets.xcassets */; };
		7C0ACC472C0DD84A00A85C6B /* Preview Assets.xcassets in Resources */ = {isa = PBXBuildFile; fileRef = 7C0ACC462C0DD84A00A85C6B /* Preview Assets.xcassets */; };
		7C0ACC4F2C0DE9F800A85C6B /* CombineMoya in Frameworks */ = {isa = PBXBuildFile; productRef = 7C0ACC4E2C0DE9F800A85C6B /* CombineMoya */; };
		7C0ACC512C0DE9F800A85C6B /* Moya in Frameworks */ = {isa = PBXBuildFile; productRef = 7C0ACC502C0DE9F800A85C6B /* Moya */; };
		7C0ACC542C0DEA0B00A85C6B /* Kingfisher in Frameworks */ = {isa = PBXBuildFile; productRef = 7C0ACC532C0DEA0B00A85C6B /* Kingfisher */; };
		7C0ACC622C0DEB1800A85C6B /* APIService.swift in Sources */ = {isa = PBXBuildFile; fileRef = 7C0ACC612C0DEB1800A85C6B /* APIService.swift */; };
		7C0ACC682C0DEBB800A85C6B /* .gitignore in Resources */ = {isa = PBXBuildFile; fileRef = 7C0ACC672C0DEBB800A85C6B /* .gitignore */; };
		7C0ACC6A2C0DEBC500A85C6B /* APIKey.swift in Sources */ = {isa = PBXBuildFile; fileRef = 7C0ACC692C0DEBC500A85C6B /* APIKey.swift */; };
		7C0ACC6D2C0DF6F200A85C6B /* NavigationLazyView.swift in Sources */ = {isa = PBXBuildFile; fileRef = 7C0ACC6C2C0DF6F200A85C6B /* NavigationLazyView.swift */; };
		7C0ACC702C0DF82200A85C6B /* NavigationBarWrapper.swift in Sources */ = {isa = PBXBuildFile; fileRef = 7C0ACC6F2C0DF82200A85C6B /* NavigationBarWrapper.swift */; };
		7C0ACC722C0DF83900A85C6B /* ButtonWrapper.swift in Sources */ = {isa = PBXBuildFile; fileRef = 7C0ACC712C0DF83900A85C6B /* ButtonWrapper.swift */; };
		7C0ACC742C0DF85200A85C6B /* ForegroundWrapper.swift in Sources */ = {isa = PBXBuildFile; fileRef = 7C0ACC732C0DF85200A85C6B /* ForegroundWrapper.swift */; };
		7C0ACC762C0DF86D00A85C6B /* BackgroundWrapper.swift in Sources */ = {isa = PBXBuildFile; fileRef = 7C0ACC752C0DF86D00A85C6B /* BackgroundWrapper.swift */; };
		7C0ACC7C2C0DF9FD00A85C6B /* UserJoinRequest.swift in Sources */ = {isa = PBXBuildFile; fileRef = 7C0ACC7B2C0DF9FD00A85C6B /* UserJoinRequest.swift */; };
		7C1D2EDE2C2FFE660067CCBE /* TestTCAView.swift in Sources */ = {isa = PBXBuildFile; fileRef = 7C1D2EDD2C2FFE660067CCBE /* TestTCAView.swift */; };
		7C1D2EE62C3000A50067CCBE /* CounterFeature.swift in Sources */ = {isa = PBXBuildFile; fileRef = 7C1D2EE52C3000A50067CCBE /* CounterFeature.swift */; };
		7C1D2EE92C3001DD0067CCBE /* ComposableArchitecture in Frameworks */ = {isa = PBXBuildFile; productRef = 7C1D2EE82C3001DD0067CCBE /* ComposableArchitecture */; };
/* End PBXBuildFile section */

/* Begin PBXFileReference section */
		7C0ACC3C2C0DD84900A85C6B /* Flag.app */ = {isa = PBXFileReference; explicitFileType = wrapper.application; includeInIndex = 0; path = Flag.app; sourceTree = BUILT_PRODUCTS_DIR; };
		7C0ACC3F2C0DD84900A85C6B /* FlagApp.swift */ = {isa = PBXFileReference; lastKnownFileType = sourcecode.swift; path = FlagApp.swift; sourceTree = "<group>"; };
		7C0ACC412C0DD84900A85C6B /* ContentView.swift */ = {isa = PBXFileReference; lastKnownFileType = sourcecode.swift; path = ContentView.swift; sourceTree = "<group>"; };
		7C0ACC432C0DD84A00A85C6B /* Assets.xcassets */ = {isa = PBXFileReference; lastKnownFileType = folder.assetcatalog; path = Assets.xcassets; sourceTree = "<group>"; };
		7C0ACC462C0DD84A00A85C6B /* Preview Assets.xcassets */ = {isa = PBXFileReference; lastKnownFileType = folder.assetcatalog; path = "Preview Assets.xcassets"; sourceTree = "<group>"; };
		7C0ACC612C0DEB1800A85C6B /* APIService.swift */ = {isa = PBXFileReference; lastKnownFileType = sourcecode.swift; path = APIService.swift; sourceTree = "<group>"; };
		7C0ACC672C0DEBB800A85C6B /* .gitignore */ = {isa = PBXFileReference; lastKnownFileType = text; path = .gitignore; sourceTree = "<group>"; };
		7C0ACC692C0DEBC500A85C6B /* APIKey.swift */ = {isa = PBXFileReference; lastKnownFileType = sourcecode.swift; path = APIKey.swift; sourceTree = "<group>"; };
		7C0ACC6B2C0DF68C00A85C6B /* Info.plist */ = {isa = PBXFileReference; lastKnownFileType = text.plist; path = Info.plist; sourceTree = "<group>"; };
		7C0ACC6C2C0DF6F200A85C6B /* NavigationLazyView.swift */ = {isa = PBXFileReference; lastKnownFileType = sourcecode.swift; path = NavigationLazyView.swift; sourceTree = "<group>"; };
		7C0ACC6F2C0DF82200A85C6B /* NavigationBarWrapper.swift */ = {isa = PBXFileReference; lastKnownFileType = sourcecode.swift; path = NavigationBarWrapper.swift; sourceTree = "<group>"; };
		7C0ACC712C0DF83900A85C6B /* ButtonWrapper.swift */ = {isa = PBXFileReference; lastKnownFileType = sourcecode.swift; path = ButtonWrapper.swift; sourceTree = "<group>"; };
		7C0ACC732C0DF85200A85C6B /* ForegroundWrapper.swift */ = {isa = PBXFileReference; lastKnownFileType = sourcecode.swift; path = ForegroundWrapper.swift; sourceTree = "<group>"; };
		7C0ACC752C0DF86D00A85C6B /* BackgroundWrapper.swift */ = {isa = PBXFileReference; lastKnownFileType = sourcecode.swift; path = BackgroundWrapper.swift; sourceTree = "<group>"; };
		7C0ACC7B2C0DF9FD00A85C6B /* UserJoinRequest.swift */ = {isa = PBXFileReference; lastKnownFileType = sourcecode.swift; path = UserJoinRequest.swift; sourceTree = "<group>"; };
		7C1D2EDD2C2FFE660067CCBE /* TestTCAView.swift */ = {isa = PBXFileReference; lastKnownFileType = sourcecode.swift; path = TestTCAView.swift; sourceTree = "<group>"; };
		7C1D2EE52C3000A50067CCBE /* CounterFeature.swift */ = {isa = PBXFileReference; lastKnownFileType = sourcecode.swift; path = CounterFeature.swift; sourceTree = "<group>"; };
/* End PBXFileReference section */

/* Begin PBXFrameworksBuildPhase section */
		7C0ACC392C0DD84900A85C6B /* Frameworks */ = {
			isa = PBXFrameworksBuildPhase;
			buildActionMask = 2147483647;
			files = (
				7C0ACC542C0DEA0B00A85C6B /* Kingfisher in Frameworks */,
				7C0ACC512C0DE9F800A85C6B /* Moya in Frameworks */,
				7C1D2EE92C3001DD0067CCBE /* ComposableArchitecture in Frameworks */,
				7C0ACC4F2C0DE9F800A85C6B /* CombineMoya in Frameworks */,
			);
			runOnlyForDeploymentPostprocessing = 0;
		};
/* End PBXFrameworksBuildPhase section */

/* Begin PBXGroup section */
		7C0ACC332C0DD84900A85C6B = {
			isa = PBXGroup;
			children = (
				7C0ACC672C0DEBB800A85C6B /* .gitignore */,
				7C0ACC3E2C0DD84900A85C6B /* Flag */,
				7C0ACC3D2C0DD84900A85C6B /* Products */,
			);
			sourceTree = "<group>";
		};
		7C0ACC3D2C0DD84900A85C6B /* Products */ = {
			isa = PBXGroup;
			children = (
				7C0ACC3C2C0DD84900A85C6B /* Flag.app */,
			);
			name = Products;
			sourceTree = "<group>";
		};
		7C0ACC3E2C0DD84900A85C6B /* Flag */ = {
			isa = PBXGroup;
			children = (
				7C0ACC6B2C0DF68C00A85C6B /* Info.plist */,
				7C0ACC552C0DEA1F00A85C6B /* App */,
				7C0ACC592C0DEA4600A85C6B /* Data */,
				7C0ACC5A2C0DEA4900A85C6B /* Domain */,
				7C0ACC5B2C0DEA4D00A85C6B /* Presenter */,
				7C0ACC6E2C0DF81100A85C6B /* ViewModifier */,
				7C0ACC772C0DF8E800A85C6B /* CommonUI */,
				7C0ACC602C0DEA8D00A85C6B /* Utility */,
				7C0ACC582C0DEA3B00A85C6B /* Protocol */,
				7C0ACC572C0DEA3400A85C6B /* Extension */,
				7C0ACC562C0DEA2600A85C6B /* Resources */,
				7C0ACC452C0DD84A00A85C6B /* Preview Content */,
			);
			path = Flag;
			sourceTree = "<group>";
		};
		7C0ACC452C0DD84A00A85C6B /* Preview Content */ = {
			isa = PBXGroup;
			children = (
				7C0ACC462C0DD84A00A85C6B /* Preview Assets.xcassets */,
			);
			path = "Preview Content";
			sourceTree = "<group>";
		};
		7C0ACC552C0DEA1F00A85C6B /* App */ = {
			isa = PBXGroup;
			children = (
				7C0ACC3F2C0DD84900A85C6B /* FlagApp.swift */,
			);
			path = App;
			sourceTree = "<group>";
		};
		7C0ACC562C0DEA2600A85C6B /* Resources */ = {
			isa = PBXGroup;
			children = (
				7C0ACC432C0DD84A00A85C6B /* Assets.xcassets */,
			);
			path = Resources;
			sourceTree = "<group>";
		};
		7C0ACC572C0DEA3400A85C6B /* Extension */ = {
			isa = PBXGroup;
			children = (
			);
			path = Extension;
			sourceTree = "<group>";
		};
		7C0ACC582C0DEA3B00A85C6B /* Protocol */ = {
			isa = PBXGroup;
			children = (
			);
			path = Protocol;
			sourceTree = "<group>";
		};
		7C0ACC592C0DEA4600A85C6B /* Data */ = {
			isa = PBXGroup;
			children = (
				7C0ACC782C0DF9DF00A85C6B /* Request */,
				7C0ACC792C0DF9E200A85C6B /* Response */,
				7C0ACC5D2C0DEA6F00A85C6B /* Network */,
			);
			path = Data;
			sourceTree = "<group>";
		};
		7C0ACC5A2C0DEA4900A85C6B /* Domain */ = {
			isa = PBXGroup;
			children = (
				7C0ACC5E2C0DEA7900A85C6B /* Usecases */,
				7C0ACC5F2C0DEA7F00A85C6B /* Entity */,
			);
			path = Domain;
			sourceTree = "<group>";
		};
		7C0ACC5B2C0DEA4D00A85C6B /* Presenter */ = {
			isa = PBXGroup;
			children = (
				7C0ACC412C0DD84900A85C6B /* ContentView.swift */,
				7C1D2EDC2C2FFE3E0067CCBE /* TestTCA */,
			);
			path = Presenter;
			sourceTree = "<group>";
		};
		7C0ACC5D2C0DEA6F00A85C6B /* Network */ = {
			isa = PBXGroup;
			children = (
				7C0ACC612C0DEB1800A85C6B /* APIService.swift */,
				7C0ACC692C0DEBC500A85C6B /* APIKey.swift */,
			);
			path = Network;
			sourceTree = "<group>";
		};
		7C0ACC5E2C0DEA7900A85C6B /* Usecases */ = {
			isa = PBXGroup;
			children = (
			);
			path = Usecases;
			sourceTree = "<group>";
		};
		7C0ACC5F2C0DEA7F00A85C6B /* Entity */ = {
			isa = PBXGroup;
			children = (
			);
			path = Entity;
			sourceTree = "<group>";
		};
		7C0ACC602C0DEA8D00A85C6B /* Utility */ = {
			isa = PBXGroup;
			children = (
			);
			path = Utility;
			sourceTree = "<group>";
		};
		7C0ACC6E2C0DF81100A85C6B /* ViewModifier */ = {
			isa = PBXGroup;
			children = (
				7C0ACC732C0DF85200A85C6B /* ForegroundWrapper.swift */,
				7C0ACC752C0DF86D00A85C6B /* BackgroundWrapper.swift */,
				7C0ACC712C0DF83900A85C6B /* ButtonWrapper.swift */,
				7C0ACC6F2C0DF82200A85C6B /* NavigationBarWrapper.swift */,
			);
			path = ViewModifier;
			sourceTree = "<group>";
		};
		7C0ACC772C0DF8E800A85C6B /* CommonUI */ = {
			isa = PBXGroup;
			children = (
				7C0ACC6C2C0DF6F200A85C6B /* NavigationLazyView.swift */,
			);
			path = CommonUI;
			sourceTree = "<group>";
		};
		7C0ACC782C0DF9DF00A85C6B /* Request */ = {
			isa = PBXGroup;
			children = (
				7C0ACC7A2C0DF9EF00A85C6B /* User */,
			);
			path = Request;
			sourceTree = "<group>";
		};
		7C0ACC792C0DF9E200A85C6B /* Response */ = {
			isa = PBXGroup;
			children = (
			);
			path = Response;
			sourceTree = "<group>";
		};
		7C0ACC7A2C0DF9EF00A85C6B /* User */ = {
			isa = PBXGroup;
			children = (
				7C0ACC7B2C0DF9FD00A85C6B /* UserJoinRequest.swift */,
			);
			path = User;
			sourceTree = "<group>";
		};
		7C1D2EDC2C2FFE3E0067CCBE /* TestTCA */ = {
			isa = PBXGroup;
			children = (
				7C1D2EDD2C2FFE660067CCBE /* TestTCAView.swift */,
				7C1D2EE52C3000A50067CCBE /* CounterFeature.swift */,
			);
			path = TestTCA;
			sourceTree = "<group>";
		};
/* End PBXGroup section */

/* Begin PBXNativeTarget section */
		7C0ACC3B2C0DD84900A85C6B /* Flag */ = {
			isa = PBXNativeTarget;
			buildConfigurationList = 7C0ACC4A2C0DD84A00A85C6B /* Build configuration list for PBXNativeTarget "Flag" */;
			buildPhases = (
				7C0ACC382C0DD84900A85C6B /* Sources */,
				7C0ACC392C0DD84900A85C6B /* Frameworks */,
				7C0ACC3A2C0DD84900A85C6B /* Resources */,
			);
			buildRules = (
			);
			dependencies = (
			);
			name = Flag;
			packageProductDependencies = (
				7C0ACC4E2C0DE9F800A85C6B /* CombineMoya */,
				7C0ACC502C0DE9F800A85C6B /* Moya */,
				7C0ACC532C0DEA0B00A85C6B /* Kingfisher */,
				7C1D2EE82C3001DD0067CCBE /* ComposableArchitecture */,
			);
			productName = Flag;
			productReference = 7C0ACC3C2C0DD84900A85C6B /* Flag.app */;
			productType = "com.apple.product-type.application";
		};
/* End PBXNativeTarget section */

/* Begin PBXProject section */
		7C0ACC342C0DD84900A85C6B /* Project object */ = {
			isa = PBXProject;
			attributes = {
				BuildIndependentTargetsInParallel = 1;
				LastSwiftUpdateCheck = 1540;
				LastUpgradeCheck = 1540;
				TargetAttributes = {
					7C0ACC3B2C0DD84900A85C6B = {
						CreatedOnToolsVersion = 15.4;
					};
				};
			};
			buildConfigurationList = 7C0ACC372C0DD84900A85C6B /* Build configuration list for PBXProject "Flag" */;
			compatibilityVersion = "Xcode 14.0";
			developmentRegion = en;
			hasScannedForEncodings = 0;
			knownRegions = (
				en,
				Base,
			);
			mainGroup = 7C0ACC332C0DD84900A85C6B;
			packageReferences = (
				7C0ACC4D2C0DE9F800A85C6B /* XCRemoteSwiftPackageReference "Moya" */,
				7C0ACC522C0DEA0B00A85C6B /* XCRemoteSwiftPackageReference "Kingfisher" */,
				7C1D2EE72C3001DD0067CCBE /* XCRemoteSwiftPackageReference "swift-composable-architecture" */,
			);
			productRefGroup = 7C0ACC3D2C0DD84900A85C6B /* Products */;
			projectDirPath = "";
			projectRoot = "";
			targets = (
				7C0ACC3B2C0DD84900A85C6B /* Flag */,
			);
		};
/* End PBXProject section */

/* Begin PBXResourcesBuildPhase section */
		7C0ACC3A2C0DD84900A85C6B /* Resources */ = {
			isa = PBXResourcesBuildPhase;
			buildActionMask = 2147483647;
			files = (
				7C0ACC472C0DD84A00A85C6B /* Preview Assets.xcassets in Resources */,
				7C0ACC682C0DEBB800A85C6B /* .gitignore in Resources */,
				7C0ACC442C0DD84A00A85C6B /* Assets.xcassets in Resources */,
			);
			runOnlyForDeploymentPostprocessing = 0;
		};
/* End PBXResourcesBuildPhase section */

/* Begin PBXSourcesBuildPhase section */
		7C0ACC382C0DD84900A85C6B /* Sources */ = {
			isa = PBXSourcesBuildPhase;
			buildActionMask = 2147483647;
			files = (
				7C0ACC422C0DD84900A85C6B /* ContentView.swift in Sources */,
				7C0ACC742C0DF85200A85C6B /* ForegroundWrapper.swift in Sources */,
				7C0ACC702C0DF82200A85C6B /* NavigationBarWrapper.swift in Sources */,
				7C1D2EE62C3000A50067CCBE /* CounterFeature.swift in Sources */,
				7C0ACC722C0DF83900A85C6B /* ButtonWrapper.swift in Sources */,
				7C0ACC6D2C0DF6F200A85C6B /* NavigationLazyView.swift in Sources */,
				7C0ACC622C0DEB1800A85C6B /* APIService.swift in Sources */,
				7C0ACC402C0DD84900A85C6B /* FlagApp.swift in Sources */,
				7C1D2EDE2C2FFE660067CCBE /* TestTCAView.swift in Sources */,
				7C0ACC7C2C0DF9FD00A85C6B /* UserJoinRequest.swift in Sources */,
				7C0ACC6A2C0DEBC500A85C6B /* APIKey.swift in Sources */,
				7C0ACC762C0DF86D00A85C6B /* BackgroundWrapper.swift in Sources */,
			);
			runOnlyForDeploymentPostprocessing = 0;
		};
/* End PBXSourcesBuildPhase section */

/* Begin XCBuildConfiguration section */
		7C0ACC482C0DD84A00A85C6B /* Debug */ = {
			isa = XCBuildConfiguration;
			buildSettings = {
				ALWAYS_SEARCH_USER_PATHS = NO;
				ASSETCATALOG_COMPILER_GENERATE_SWIFT_ASSET_SYMBOL_EXTENSIONS = YES;
				CLANG_ANALYZER_NONNULL = YES;
				CLANG_ANALYZER_NUMBER_OBJECT_CONVERSION = YES_AGGRESSIVE;
				CLANG_CXX_LANGUAGE_STANDARD = "gnu++20";
				CLANG_ENABLE_MODULES = YES;
				CLANG_ENABLE_OBJC_ARC = YES;
				CLANG_ENABLE_OBJC_WEAK = YES;
				CLANG_WARN_BLOCK_CAPTURE_AUTORELEASING = YES;
				CLANG_WARN_BOOL_CONVERSION = YES;
				CLANG_WARN_COMMA = YES;
				CLANG_WARN_CONSTANT_CONVERSION = YES;
				CLANG_WARN_DEPRECATED_OBJC_IMPLEMENTATIONS = YES;
				CLANG_WARN_DIRECT_OBJC_ISA_USAGE = YES_ERROR;
				CLANG_WARN_DOCUMENTATION_COMMENTS = YES;
				CLANG_WARN_EMPTY_BODY = YES;
				CLANG_WARN_ENUM_CONVERSION = YES;
				CLANG_WARN_INFINITE_RECURSION = YES;
				CLANG_WARN_INT_CONVERSION = YES;
				CLANG_WARN_NON_LITERAL_NULL_CONVERSION = YES;
				CLANG_WARN_OBJC_IMPLICIT_RETAIN_SELF = YES;
				CLANG_WARN_OBJC_LITERAL_CONVERSION = YES;
				CLANG_WARN_OBJC_ROOT_CLASS = YES_ERROR;
				CLANG_WARN_QUOTED_INCLUDE_IN_FRAMEWORK_HEADER = YES;
				CLANG_WARN_RANGE_LOOP_ANALYSIS = YES;
				CLANG_WARN_STRICT_PROTOTYPES = YES;
				CLANG_WARN_SUSPICIOUS_MOVE = YES;
				CLANG_WARN_UNGUARDED_AVAILABILITY = YES_AGGRESSIVE;
				CLANG_WARN_UNREACHABLE_CODE = YES;
				CLANG_WARN__DUPLICATE_METHOD_MATCH = YES;
				COPY_PHASE_STRIP = NO;
				DEBUG_INFORMATION_FORMAT = dwarf;
				ENABLE_STRICT_OBJC_MSGSEND = YES;
				ENABLE_TESTABILITY = YES;
				ENABLE_USER_SCRIPT_SANDBOXING = YES;
				GCC_C_LANGUAGE_STANDARD = gnu17;
				GCC_DYNAMIC_NO_PIC = NO;
				GCC_NO_COMMON_BLOCKS = YES;
				GCC_OPTIMIZATION_LEVEL = 0;
				GCC_PREPROCESSOR_DEFINITIONS = (
					"DEBUG=1",
					"$(inherited)",
				);
				GCC_WARN_64_TO_32_BIT_CONVERSION = YES;
				GCC_WARN_ABOUT_RETURN_TYPE = YES_ERROR;
				GCC_WARN_UNDECLARED_SELECTOR = YES;
				GCC_WARN_UNINITIALIZED_AUTOS = YES_AGGRESSIVE;
				GCC_WARN_UNUSED_FUNCTION = YES;
				GCC_WARN_UNUSED_VARIABLE = YES;
				IPHONEOS_DEPLOYMENT_TARGET = 17.0;
				LOCALIZATION_PREFERS_STRING_CATALOGS = YES;
				MTL_ENABLE_DEBUG_INFO = INCLUDE_SOURCE;
				MTL_FAST_MATH = YES;
				ONLY_ACTIVE_ARCH = YES;
				SDKROOT = iphoneos;
				SWIFT_ACTIVE_COMPILATION_CONDITIONS = "DEBUG $(inherited)";
				SWIFT_OPTIMIZATION_LEVEL = "-Onone";
			};
			name = Debug;
		};
		7C0ACC492C0DD84A00A85C6B /* Release */ = {
			isa = XCBuildConfiguration;
			buildSettings = {
				ALWAYS_SEARCH_USER_PATHS = NO;
				ASSETCATALOG_COMPILER_GENERATE_SWIFT_ASSET_SYMBOL_EXTENSIONS = YES;
				CLANG_ANALYZER_NONNULL = YES;
				CLANG_ANALYZER_NUMBER_OBJECT_CONVERSION = YES_AGGRESSIVE;
				CLANG_CXX_LANGUAGE_STANDARD = "gnu++20";
				CLANG_ENABLE_MODULES = YES;
				CLANG_ENABLE_OBJC_ARC = YES;
				CLANG_ENABLE_OBJC_WEAK = YES;
				CLANG_WARN_BLOCK_CAPTURE_AUTORELEASING = YES;
				CLANG_WARN_BOOL_CONVERSION = YES;
				CLANG_WARN_COMMA = YES;
				CLANG_WARN_CONSTANT_CONVERSION = YES;
				CLANG_WARN_DEPRECATED_OBJC_IMPLEMENTATIONS = YES;
				CLANG_WARN_DIRECT_OBJC_ISA_USAGE = YES_ERROR;
				CLANG_WARN_DOCUMENTATION_COMMENTS = YES;
				CLANG_WARN_EMPTY_BODY = YES;
				CLANG_WARN_ENUM_CONVERSION = YES;
				CLANG_WARN_INFINITE_RECURSION = YES;
				CLANG_WARN_INT_CONVERSION = YES;
				CLANG_WARN_NON_LITERAL_NULL_CONVERSION = YES;
				CLANG_WARN_OBJC_IMPLICIT_RETAIN_SELF = YES;
				CLANG_WARN_OBJC_LITERAL_CONVERSION = YES;
				CLANG_WARN_OBJC_ROOT_CLASS = YES_ERROR;
				CLANG_WARN_QUOTED_INCLUDE_IN_FRAMEWORK_HEADER = YES;
				CLANG_WARN_RANGE_LOOP_ANALYSIS = YES;
				CLANG_WARN_STRICT_PROTOTYPES = YES;
				CLANG_WARN_SUSPICIOUS_MOVE = YES;
				CLANG_WARN_UNGUARDED_AVAILABILITY = YES_AGGRESSIVE;
				CLANG_WARN_UNREACHABLE_CODE = YES;
				CLANG_WARN__DUPLICATE_METHOD_MATCH = YES;
				COPY_PHASE_STRIP = NO;
				DEBUG_INFORMATION_FORMAT = "dwarf-with-dsym";
				ENABLE_NS_ASSERTIONS = NO;
				ENABLE_STRICT_OBJC_MSGSEND = YES;
				ENABLE_USER_SCRIPT_SANDBOXING = YES;
				GCC_C_LANGUAGE_STANDARD = gnu17;
				GCC_NO_COMMON_BLOCKS = YES;
				GCC_WARN_64_TO_32_BIT_CONVERSION = YES;
				GCC_WARN_ABOUT_RETURN_TYPE = YES_ERROR;
				GCC_WARN_UNDECLARED_SELECTOR = YES;
				GCC_WARN_UNINITIALIZED_AUTOS = YES_AGGRESSIVE;
				GCC_WARN_UNUSED_FUNCTION = YES;
				GCC_WARN_UNUSED_VARIABLE = YES;
				IPHONEOS_DEPLOYMENT_TARGET = 17.0;
				LOCALIZATION_PREFERS_STRING_CATALOGS = YES;
				MTL_ENABLE_DEBUG_INFO = NO;
				MTL_FAST_MATH = YES;
				SDKROOT = iphoneos;
				SWIFT_COMPILATION_MODE = wholemodule;
				VALIDATE_PRODUCT = YES;
			};
			name = Release;
		};
		7C0ACC4B2C0DD84A00A85C6B /* Debug */ = {
			isa = XCBuildConfiguration;
			buildSettings = {
				ASSETCATALOG_COMPILER_APPICON_NAME = AppIcon;
				ASSETCATALOG_COMPILER_GLOBAL_ACCENT_COLOR_NAME = AccentColor;
				CODE_SIGN_STYLE = Automatic;
				CURRENT_PROJECT_VERSION = 1;
				DEVELOPMENT_ASSET_PATHS = "\"Flag/Preview Content\"";
				DEVELOPMENT_TEAM = W6X76DS4Z7;
				ENABLE_PREVIEWS = YES;
				GENERATE_INFOPLIST_FILE = YES;
				INFOPLIST_FILE = Flag/Info.plist;
				INFOPLIST_KEY_CFBundleDisplayName = Flag;
				INFOPLIST_KEY_LSApplicationCategoryType = "public.app-category.social-networking";
				INFOPLIST_KEY_UIApplicationSceneManifest_Generation = YES;
				INFOPLIST_KEY_UIApplicationSupportsIndirectInputEvents = YES;
				INFOPLIST_KEY_UILaunchScreen_Generation = YES;
				INFOPLIST_KEY_UISupportedInterfaceOrientations = UIInterfaceOrientationPortrait;
				INFOPLIST_KEY_UISupportedInterfaceOrientations_iPad = "UIInterfaceOrientationLandscapeLeft UIInterfaceOrientationLandscapeRight UIInterfaceOrientationPortrait UIInterfaceOrientationPortraitUpsideDown";
				IPHONEOS_DEPLOYMENT_TARGET = 17.0;
				LD_RUNPATH_SEARCH_PATHS = (
					"$(inherited)",
					"@executable_path/Frameworks",
				);
				MARKETING_VERSION = 1.0;
				PRODUCT_BUNDLE_IDENTIFIER = com.thekoon.Flag;
				PRODUCT_NAME = "$(TARGET_NAME)";
				SUPPORTED_PLATFORMS = "iphoneos iphonesimulator";
				SUPPORTS_MACCATALYST = NO;
				SUPPORTS_MAC_DESIGNED_FOR_IPHONE_IPAD = NO;
				SUPPORTS_XR_DESIGNED_FOR_IPHONE_IPAD = NO;
				SWIFT_EMIT_LOC_STRINGS = YES;
				SWIFT_VERSION = 5.0;
				TARGETED_DEVICE_FAMILY = 1;
			};
			name = Debug;
		};
		7C0ACC4C2C0DD84A00A85C6B /* Release */ = {
			isa = XCBuildConfiguration;
			buildSettings = {
				ASSETCATALOG_COMPILER_APPICON_NAME = AppIcon;
				ASSETCATALOG_COMPILER_GLOBAL_ACCENT_COLOR_NAME = AccentColor;
				CODE_SIGN_STYLE = Automatic;
				CURRENT_PROJECT_VERSION = 1;
				DEVELOPMENT_ASSET_PATHS = "\"Flag/Preview Content\"";
				DEVELOPMENT_TEAM = W6X76DS4Z7;
				ENABLE_PREVIEWS = YES;
				GENERATE_INFOPLIST_FILE = YES;
				INFOPLIST_FILE = Flag/Info.plist;
				INFOPLIST_KEY_CFBundleDisplayName = Flag;
				INFOPLIST_KEY_LSApplicationCategoryType = "public.app-category.social-networking";
				INFOPLIST_KEY_UIApplicationSceneManifest_Generation = YES;
				INFOPLIST_KEY_UIApplicationSupportsIndirectInputEvents = YES;
				INFOPLIST_KEY_UILaunchScreen_Generation = YES;
				INFOPLIST_KEY_UISupportedInterfaceOrientations = UIInterfaceOrientationPortrait;
				INFOPLIST_KEY_UISupportedInterfaceOrientations_iPad = "UIInterfaceOrientationLandscapeLeft UIInterfaceOrientationLandscapeRight UIInterfaceOrientationPortrait UIInterfaceOrientationPortraitUpsideDown";
				IPHONEOS_DEPLOYMENT_TARGET = 17.0;
				LD_RUNPATH_SEARCH_PATHS = (
					"$(inherited)",
					"@executable_path/Frameworks",
				);
				MARKETING_VERSION = 1.0;
				PRODUCT_BUNDLE_IDENTIFIER = com.thekoon.Flag;
				PRODUCT_NAME = "$(TARGET_NAME)";
				SUPPORTED_PLATFORMS = "iphoneos iphonesimulator";
				SUPPORTS_MACCATALYST = NO;
				SUPPORTS_MAC_DESIGNED_FOR_IPHONE_IPAD = NO;
				SUPPORTS_XR_DESIGNED_FOR_IPHONE_IPAD = NO;
				SWIFT_EMIT_LOC_STRINGS = YES;
				SWIFT_VERSION = 5.0;
				TARGETED_DEVICE_FAMILY = 1;
			};
			name = Release;
		};
/* End XCBuildConfiguration section */

/* Begin XCConfigurationList section */
		7C0ACC372C0DD84900A85C6B /* Build configuration list for PBXProject "Flag" */ = {
			isa = XCConfigurationList;
			buildConfigurations = (
				7C0ACC482C0DD84A00A85C6B /* Debug */,
				7C0ACC492C0DD84A00A85C6B /* Release */,
			);
			defaultConfigurationIsVisible = 0;
			defaultConfigurationName = Release;
		};
		7C0ACC4A2C0DD84A00A85C6B /* Build configuration list for PBXNativeTarget "Flag" */ = {
			isa = XCConfigurationList;
			buildConfigurations = (
				7C0ACC4B2C0DD84A00A85C6B /* Debug */,
				7C0ACC4C2C0DD84A00A85C6B /* Release */,
			);
			defaultConfigurationIsVisible = 0;
			defaultConfigurationName = Release;
		};
/* End XCConfigurationList section */

/* Begin XCRemoteSwiftPackageReference section */
		7C0ACC4D2C0DE9F800A85C6B /* XCRemoteSwiftPackageReference "Moya" */ = {
			isa = XCRemoteSwiftPackageReference;
			repositoryURL = "https://github.com/Moya/Moya";
			requirement = {
				kind = upToNextMajorVersion;
				minimumVersion = 15.0.3;
			};
		};
		7C0ACC522C0DEA0B00A85C6B /* XCRemoteSwiftPackageReference "Kingfisher" */ = {
			isa = XCRemoteSwiftPackageReference;
			repositoryURL = "https://github.com/onevcat/Kingfisher";
			requirement = {
				kind = upToNextMajorVersion;
				minimumVersion = 7.11.0;
			};
		};
		7C1D2EE72C3001DD0067CCBE /* XCRemoteSwiftPackageReference "swift-composable-architecture" */ = {
			isa = XCRemoteSwiftPackageReference;
			repositoryURL = "https://github.com/pointfreeco/swift-composable-architecture";
			requirement = {
				kind = upToNextMajorVersion;
				minimumVersion = 1.11.2;
			};
		};
/* End XCRemoteSwiftPackageReference section */

/* Begin XCSwiftPackageProductDependency section */
		7C0ACC4E2C0DE9F800A85C6B /* CombineMoya */ = {
			isa = XCSwiftPackageProductDependency;
			package = 7C0ACC4D2C0DE9F800A85C6B /* XCRemoteSwiftPackageReference "Moya" */;
			productName = CombineMoya;
		};
		7C0ACC502C0DE9F800A85C6B /* Moya */ = {
			isa = XCSwiftPackageProductDependency;
			package = 7C0ACC4D2C0DE9F800A85C6B /* XCRemoteSwiftPackageReference "Moya" */;
			productName = Moya;
		};
		7C0ACC532C0DEA0B00A85C6B /* Kingfisher */ = {
			isa = XCSwiftPackageProductDependency;
			package = 7C0ACC522C0DEA0B00A85C6B /* XCRemoteSwiftPackageReference "Kingfisher" */;
			productName = Kingfisher;
		};
		7C1D2EE82C3001DD0067CCBE /* ComposableArchitecture */ = {
			isa = XCSwiftPackageProductDependency;
			package = 7C1D2EE72C3001DD0067CCBE /* XCRemoteSwiftPackageReference "swift-composable-architecture" */;
			productName = ComposableArchitecture;
		};
/* End XCSwiftPackageProductDependency section */
	};
	rootObject = 7C0ACC342C0DD84900A85C6B /* Project object */;
}
